
Microsoft Visual Studio Solution File, Format Version 12.00
# Visual Studio 15
VisualStudioVersion = 15.0.28307.779
MinimumVisualStudioVersion = 10.0.40219.1
Project("{FAE04EC0-301F-11D3-BF4B-00C04F79EFBC}") = "RestEasy_System", "RestEasy_System\RestEasy_System.csproj", "{58FA6D12-46FD-4BB4-B762-C3F8F6768F47}"
EndProject
Global
	GlobalSection(SolutionConfigurationPlatforms) = preSolution
		Debug|Any CPU = Debug|Any CPU
		Release|Any CPU = Release|Any CPU
	EndGlobalSection
	GlobalSection(ProjectConfigurationPlatforms) = postSolution
		{58FA6D12-46FD-4BB4-B762-C3F8F6768F47}.Debug|Any CPU.ActiveCfg = Debug|Any CPU
		{58FA6D12-46FD-4BB4-B762-C3F8F6768F47}.Debug|Any CPU.Build.0 = Debug|Any CPU
		{58FA6D12-46FD-4BB4-B762-C3F8F6768F47}.Release|Any CPU.ActiveCfg = Release|Any CPU
		{58FA6D12-46FD-4BB4-B762-C3F8F6768F47}.Release|Any CPU.Build.0 = Release|Any CPU
	EndGlobalSection
	GlobalSection(SolutionProperties) = preSolution
		HideSolutionNode = FALSE
	EndGlobalSection
	GlobalSection(ExtensibilityGlobals) = postSolution
		SolutionGuid = {079C2645-D031-4888-A4C6-EB8DA2951910}
	EndGlobalSection
EndGlobal
